{
  "name": "vega-transform-sparql",
  "version": "0.0.1",
  "lockfileVersion": 1,
  "requires": true,
  "dependencies": {
    "commander": {
      "version": "2.20.1",
      "resolved": "https://registry.npmjs.org/commander/-/commander-2.20.1.tgz",
      "integrity": "sha512-cCuLsMhJeWQ/ZpsFTbE765kvVfoeSddc4nU3up4fV+fDBcfUXnbITJ+JzhkdjzOqhURjZgujxaioam4RM9yGUg=="
    },
    "d3-array": {
      "version": "2.3.2",
      "resolved": "https://registry.npmjs.org/d3-array/-/d3-array-2.3.2.tgz",
      "integrity": "sha512-cg73UOh7D7e72FQQER4l5aXnEwlizah8TIggMn8qtEO/7APe5s6bAZhlDlVw0BRml6Qi4bd44WJ5HGuiK7fRyw=="
    },
    "d3-color": {
      "version": "1.4.0",
      "resolved": "https://registry.npmjs.org/d3-color/-/d3-color-1.4.0.tgz",
      "integrity": "sha512-TzNPeJy2+iEepfiL92LAAB7fvnp/dV2YwANPVHdDWmYMm23qIJBYww3qT8I8C1wXrmrg4UWs7BKc2tKIgyjzHg=="
    },
    "d3-contour": {
      "version": "1.3.2",
      "resolved": "https://registry.npmjs.org/d3-contour/-/d3-contour-1.3.2.tgz",
      "integrity": "sha512-hoPp4K/rJCu0ladiH6zmJUEz6+u3lgR+GSm/QdM2BBvDraU39Vr7YdDCicJcxP1z8i9B/2dJLgDC1NcvlF8WCg==",
      "requires": {
        "d3-array": "^1.1.1"
      },
      "dependencies": {
        "d3-array": {
          "version": "1.2.4",
          "resolved": "https://registry.npmjs.org/d3-array/-/d3-array-1.2.4.tgz",
          "integrity": "sha512-KHW6M86R+FUPYGb3R5XiYjXPq7VzwxZ22buHhAEVG5ztoEcZZMLov530mmccaqA1GghZArjQV46fuc8kUqhhHw=="
        }
      }
    },
    "d3-delaunay": {
      "version": "5.1.6",
      "resolved": "https://registry.npmjs.org/d3-delaunay/-/d3-delaunay-5.1.6.tgz",
      "integrity": "sha512-VF6bxon2bn1cdXuesInEtVKlE4aUfq5IjE5y0Jl2aZP1yvLsf0QENqQxNhjS4vq95EmYKauA30ofTwvREtPSXA==",
      "requires": {
        "delaunator": "4"
      }
    },
    "d3-dispatch": {
      "version": "1.0.5",
      "resolved": "https://registry.npmjs.org/d3-dispatch/-/d3-dispatch-1.0.5.tgz",
      "integrity": "sha512-vwKx+lAqB1UuCeklr6Jh1bvC4SZgbSqbkGBLClItFBIYH4vqDJCA7qfoy14lXmJdnBOdxndAMxjCbImJYW7e6g=="
    },
    "d3-dsv": {
      "version": "1.1.1",
      "resolved": "https://registry.npmjs.org/d3-dsv/-/d3-dsv-1.1.1.tgz",
      "integrity": "sha512-1EH1oRGSkeDUlDRbhsFytAXU6cAmXFzc52YUe6MRlPClmWb85MP1J5x+YJRzya4ynZWnbELdSAvATFW/MbxaXw==",
      "requires": {
        "commander": "2",
        "iconv-lite": "0.4",
        "rw": "1"
      }
    },
    "d3-force": {
      "version": "2.0.1",
      "resolved": "https://registry.npmjs.org/d3-force/-/d3-force-2.0.1.tgz",
      "integrity": "sha512-zh73/N6+MElRojiUG7vmn+3vltaKon7iD5vB/7r9nUaBeftXMzRo5IWEG63DLBCto4/8vr9i3m9lwr1OTJNiCg==",
      "requires": {
        "d3-dispatch": "1",
        "d3-quadtree": "1",
        "d3-timer": "1"
      }
    },
    "d3-format": {
      "version": "1.4.1",
      "resolved": "https://registry.npmjs.org/d3-format/-/d3-format-1.4.1.tgz",
      "integrity": "sha512-TUswGe6hfguUX1CtKxyG2nymO+1lyThbkS1ifLX0Sr+dOQtAD5gkrffpHnx+yHNKUZ0Bmg5T4AjUQwugPDrm0g=="
    },
    "d3-geo": {
      "version": "1.11.6",
      "resolved": "https://registry.npmjs.org/d3-geo/-/d3-geo-1.11.6.tgz",
      "integrity": "sha512-z0J8InXR9e9wcgNtmVnPTj0TU8nhYT6lD/ak9may2PdKqXIeHUr8UbFLoCtrPYNsjv6YaLvSDQVl578k6nm7GA==",
      "requires": {
        "d3-array": "1"
      },
      "dependencies": {
        "d3-array": {
          "version": "1.2.4",
          "resolved": "https://registry.npmjs.org/d3-array/-/d3-array-1.2.4.tgz",
          "integrity": "sha512-KHW6M86R+FUPYGb3R5XiYjXPq7VzwxZ22buHhAEVG5ztoEcZZMLov530mmccaqA1GghZArjQV46fuc8kUqhhHw=="
        }
      }
    },
    "d3-hierarchy": {
      "version": "1.1.8",
      "resolved": "https://registry.npmjs.org/d3-hierarchy/-/d3-hierarchy-1.1.8.tgz",
      "integrity": "sha512-L+GHMSZNwTpiq4rt9GEsNcpLa4M96lXMR8M/nMG9p5hBE0jy6C+3hWtyZMenPQdwla249iJy7Nx0uKt3n+u9+w=="
    },
    "d3-interpolate": {
      "version": "1.3.2",
      "resolved": "https://registry.npmjs.org/d3-interpolate/-/d3-interpolate-1.3.2.tgz",
      "integrity": "sha512-NlNKGopqaz9qM1PXh9gBF1KSCVh+jSFErrSlD/4hybwoNX/gt1d8CDbDW+3i+5UOHhjC6s6nMvRxcuoMVNgL2w==",
      "requires": {
        "d3-color": "1"
      }
    },
    "d3-path": {
      "version": "1.0.8",
      "resolved": "https://registry.npmjs.org/d3-path/-/d3-path-1.0.8.tgz",
      "integrity": "sha512-J6EfUNwcMQ+aM5YPOB8ZbgAZu6wc82f/0WFxrxwV6Ll8wBwLaHLKCqQ5Imub02JriCVVdPjgI+6P3a4EWJCxAg=="
    },
    "d3-quadtree": {
      "version": "1.0.6",
      "resolved": "https://registry.npmjs.org/d3-quadtree/-/d3-quadtree-1.0.6.tgz",
      "integrity": "sha512-NUgeo9G+ENQCQ1LsRr2qJg3MQ4DJvxcDNCiohdJGHt5gRhBW6orIB5m5FJ9kK3HNL8g9F4ERVoBzcEwQBfXWVA=="
    },
    "d3-scale": {
      "version": "3.1.0",
      "resolved": "https://registry.npmjs.org/d3-scale/-/d3-scale-3.1.0.tgz",
      "integrity": "sha512-3edyEBwbwQG400VbgaepQC9ZYFX3h92flLHIUa1+nvZp/mqCYdxNM9zGTjKtPcSAuBCyPePdMQOapsD0qNALrg==",
      "requires": {
        "d3-array": "1.2.0 - 2",
        "d3-format": "1",
        "d3-interpolate": "1",
        "d3-time": "1",
        "d3-time-format": "2"
      }
    },
    "d3-shape": {
      "version": "1.3.5",
      "resolved": "https://registry.npmjs.org/d3-shape/-/d3-shape-1.3.5.tgz",
      "integrity": "sha512-VKazVR3phgD+MUCldapHD7P9kcrvPcexeX/PkMJmkUov4JM8IxsSg1DvbYoYich9AtdTsa5nNk2++ImPiDiSxg==",
      "requires": {
        "d3-path": "1"
      }
    },
    "d3-time": {
      "version": "1.1.0",
      "resolved": "https://registry.npmjs.org/d3-time/-/d3-time-1.1.0.tgz",
      "integrity": "sha512-Xh0isrZ5rPYYdqhAVk8VLnMEidhz5aP7htAADH6MfzgmmicPkTo8LhkLxci61/lCB7n7UmE3bN0leRt+qvkLxA=="
    },
    "d3-time-format": {
      "version": "2.1.3",
      "resolved": "https://registry.npmjs.org/d3-time-format/-/d3-time-format-2.1.3.tgz",
      "integrity": "sha512-6k0a2rZryzGm5Ihx+aFMuO1GgelgIz+7HhB4PH4OEndD5q2zGn1mDfRdNrulspOfR6JXkb2sThhDK41CSK85QA==",
      "requires": {
        "d3-time": "1"
      }
    },
    "d3-timer": {
      "version": "1.0.9",
      "resolved": "https://registry.npmjs.org/d3-timer/-/d3-timer-1.0.9.tgz",
      "integrity": "sha512-rT34J5HnQUHhcLvhSB9GjCkN0Ddd5Y8nCwDBG2u6wQEeYxT/Lf51fTFFkldeib/sE/J0clIe0pnCfs6g/lRbyg=="
    },
    "delaunator": {
      "version": "4.0.1",
      "resolved": "https://registry.npmjs.org/delaunator/-/delaunator-4.0.1.tgz",
      "integrity": "sha512-WNPWi1IRKZfCt/qIDMfERkDp93+iZEmOxN2yy4Jg+Xhv8SLk2UTqqbe1sfiipn0and9QrE914/ihdx82Y/Giag=="
    },
    "iconv-lite": {
      "version": "0.4.24",
      "resolved": "https://registry.npmjs.org/iconv-lite/-/iconv-lite-0.4.24.tgz",
      "integrity": "sha512-v3MXnZAcvnywkTUEZomIActle7RXXeedOR31wwl7VlyoXO4Qi9arvSenNQWne1TcRwhCL1HwLI21bEqdpj8/rA==",
      "requires": {
        "safer-buffer": ">= 2.1.2 < 3"
      }
    },
    "node-fetch": {
      "version": "2.6.0",
      "resolved": "https://registry.npmjs.org/node-fetch/-/node-fetch-2.6.0.tgz",
      "integrity": "sha512-8dG4H5ujfvFiqDmVu9fQ5bOHUC15JMjMY/Zumv26oOvvVJjM67KF8koCWIabKQ1GJIa9r2mMZscBq/TbdOcmNA=="
    },
    "rw": {
      "version": "1.3.3",
      "resolved": "https://registry.npmjs.org/rw/-/rw-1.3.3.tgz",
      "integrity": "sha1-P4Yt+pGrdmsUiF700BEkv9oHT7Q="
    },
    "safer-buffer": {
      "version": "2.1.2",
      "resolved": "https://registry.npmjs.org/safer-buffer/-/safer-buffer-2.1.2.tgz",
      "integrity": "sha512-YZo3K82SD7Riyi0E1EQPojLz7kpepnSQI9IyPbHHg1XXXevb5dJI7tpyN2ADxGcQbHG7vcyRHk0cbwqcQriUtg=="
    },
    "topojson-client": {
      "version": "3.0.1",
      "resolved": "https://registry.npmjs.org/topojson-client/-/topojson-client-3.0.1.tgz",
      "integrity": "sha512-rfGGzyqefpxOaxvV9OTF9t+1g+WhjGEbAIuCcmKYrQkxr0nttjMMyzZsK+NhLW4cTl2g1bz2jQczPUtEshpbVQ==",
      "requires": {
        "commander": "2"
      }
    },
    "vega": {
      "version": "5.7.2",
      "resolved": "https://registry.npmjs.org/vega/-/vega-5.7.2.tgz",
      "integrity": "sha512-Zx5miCMgmMLtm74BCNEN3odHtZTGVomBpSvWpvIp4d5iHocrJyDnTNmeZXsBsLMYgtnjulVvtKkTiGFfzomHcw==",
      "requires": {
        "vega-crossfilter": "^4.0.1",
        "vega-dataflow": "^5.4.1",
        "vega-encode": "^4.4.1",
        "vega-event-selector": "^2.0.1",
        "vega-expression": "^2.6.2",
        "vega-force": "^4.0.3",
        "vega-functions": "^5.4.0",
        "vega-geo": "^4.1.0",
        "vega-hierarchy": "^4.0.3",
        "vega-loader": "^4.1.2",
        "vega-parser": "^5.10.0",
        "vega-projection": "^1.3.0",
        "vega-regression": "^1.0.1",
        "vega-runtime": "^5.0.2",
        "vega-scale": "^4.1.3",
        "vega-scenegraph": "^4.3.1",
        "vega-statistics": "^1.6.0",
        "vega-transforms": "^4.4.2",
        "vega-typings": "^0.10.2",
        "vega-util": "^1.12.0",
        "vega-view": "^5.3.1",
        "vega-view-transforms": "^4.4.1",
        "vega-voronoi": "^4.1.1",
        "vega-wordcloud": "^4.0.2"
      }
    },
    "vega-canvas": {
      "version": "1.2.1",
      "resolved": "https://registry.npmjs.org/vega-canvas/-/vega-canvas-1.2.1.tgz",
      "integrity": "sha512-k/S3EPeJ37D7fYDhv4sEg7fNWVpLheQY7flfLyAmJU7aSwCMgw8cZJi0CKHchJeculssfH+41NCqvRB1QtaJnw=="
    },
    "vega-crossfilter": {
      "version": "4.0.1",
      "resolved": "https://registry.npmjs.org/vega-crossfilter/-/vega-crossfilter-4.0.1.tgz",
      "integrity": "sha512-wLNS4JzKaOLj8EAzI/v8XBJjUWMRWYSu6EeQF4o9Opq/78u87Ol9Lc5I27UHsww5dNNH/tHubAV4QPIXnGOp5Q==",
      "requires": {
        "d3-array": "^2.0.3",
        "vega-dataflow": "^5.1.0",
        "vega-util": "^1.8.0"
      }
    },
    "vega-dataflow": {
      "version": "5.4.1",
      "resolved": "https://registry.npmjs.org/vega-dataflow/-/vega-dataflow-5.4.1.tgz",
      "integrity": "sha512-NZASrIGel2ZD+HiJsozMPO7qNB3INLFWQez6KI+gPpKQIhsz7jWzG/TBK57A8NOLJYPc6VBLiygCmdJbr5E+sA==",
      "requires": {
        "vega-loader": "^4.0.0",
        "vega-util": "^1.11.0"
      }
    },
    "vega-encode": {
      "version": "4.4.1",
      "resolved": "https://registry.npmjs.org/vega-encode/-/vega-encode-4.4.1.tgz",
      "integrity": "sha512-PtfH+k7Hie7T0ywrg/nI/rhMnpNr8Rg627XR8pzSrM1CbDoMbfFmQsw33tXUT8k/8u/dPLR1klgAtCHUCh7jjA==",
      "requires": {
        "d3-array": "^2.3.1",
        "d3-format": "^1.4.1",
        "d3-interpolate": "^1.3.2",
        "d3-time-format": "^2.1.3",
        "vega-dataflow": "^5.4.0",
        "vega-scale": "^4.1.2",
        "vega-util": "^1.11.2"
      }
    },
    "vega-event-selector": {
      "version": "2.0.1",
      "resolved": "https://registry.npmjs.org/vega-event-selector/-/vega-event-selector-2.0.1.tgz",
      "integrity": "sha512-FGU1PefYhW9An6zVs6TE5f/XGYsIispxFErG/p9KThxL22IC90WVZzMQXKN9M8OcARq5OyWjHg3qa9Qp/Z6OJw=="
    },
    "vega-expression": {
      "version": "2.6.2",
      "resolved": "https://registry.npmjs.org/vega-expression/-/vega-expression-2.6.2.tgz",
      "integrity": "sha512-vh8GVkAL/KtsgcdrdKdEnysZn/InIuRrkF7U+CG1eAmupMucPY/Rpu0nCdYb4CLC/xNRHx/NMFidLztQUjZJQg==",
      "requires": {
        "vega-util": "^1.11.0"
      }
    },
    "vega-force": {
      "version": "4.0.3",
      "resolved": "https://registry.npmjs.org/vega-force/-/vega-force-4.0.3.tgz",
      "integrity": "sha512-4stItN4jD9H1CENaCz4jXRNS1Bi9cozMOUjX2824FeJENi2RZSiAZAaGbscgerZQ/jbNcOHD8PHpC2pWldEvGA==",
      "requires": {
        "d3-force": "^2.0.1",
        "vega-dataflow": "^5.4.0",
        "vega-util": "^1.11.0"
      }
    },
    "vega-functions": {
      "version": "5.4.0",
      "resolved": "https://registry.npmjs.org/vega-functions/-/vega-functions-5.4.0.tgz",
      "integrity": "sha512-CK0LyeeGXsM+z3d6F8d8B+qqXsPqrJnfvEb3j93Mkc/H0m4cWIlSqIJ+YqO7FjUyWUE971XKcsTlfYoXlnL8Cg==",
      "requires": {
        "d3-array": "^2.3.1",
        "d3-color": "^1.3.0",
        "d3-format": "^1.4.1",
        "d3-geo": "^1.11.6",
        "d3-time-format": "^2.1.3",
        "vega-dataflow": "^5.2.1",
        "vega-expression": "^2.6.1",
        "vega-scale": "^4.0.0",
        "vega-scenegraph": "^4.0.0",
        "vega-selections": "^5.0.1",
        "vega-statistics": "^1.3.0",
        "vega-util": "^1.11.2"
      }
    },
    "vega-geo": {
      "version": "4.1.0",
      "resolved": "https://registry.npmjs.org/vega-geo/-/vega-geo-4.1.0.tgz",
      "integrity": "sha512-3xo0hpmfVdhbdB0MWAppBu/DGTHn7+4g+psUVBu9LRii4XUNlmi+YmJzO4Ph6tv2zxrfZfIKMXid9+V5MzWn+g==",
      "requires": {
        "d3-array": "^2.3.1",
        "d3-contour": "^1.3.2",
        "d3-geo": "^1.11.6",
        "vega-dataflow": "^5.1.1",
        "vega-projection": "^1.3.0",
        "vega-util": "^1.11.2"
      }
    },
    "vega-hierarchy": {
      "version": "4.0.3",
      "resolved": "https://registry.npmjs.org/vega-hierarchy/-/vega-hierarchy-4.0.3.tgz",
      "integrity": "sha512-9wNe+KyKqZW1S4++jCC38HuAhZbqNhfY7gOvwiMLjsp65tMtRETrtvYfHkULClm3UokUIX54etAXREAGW7znbw==",
      "requires": {
        "d3-hierarchy": "^1.1.8",
        "vega-dataflow": "^5.4.0",
        "vega-util": "^1.11.0"
      }
    },
    "vega-loader": {
      "version": "4.1.2",
      "resolved": "https://registry.npmjs.org/vega-loader/-/vega-loader-4.1.2.tgz",
      "integrity": "sha512-Zuxvl0K3jmLWyns+8ACajtp7oGfV+M7IeSQybq3xf7BvlGca2h8XA3qiBUXzYULkwZ4PstB56XoJ0tur2Rgs6A==",
      "requires": {
        "d3-dsv": "^1.1.1",
        "d3-time-format": "^2.1.3",
        "node-fetch": "^2.6.0",
        "topojson-client": "^3.0.1",
        "vega-util": "^1.11.0"
      }
    },
    "vega-parser": {
      "version": "5.10.0",
      "resolved": "https://registry.npmjs.org/vega-parser/-/vega-parser-5.10.0.tgz",
      "integrity": "sha512-AGYwQw/v2+73nvR56sPagrxMHs+8T1APSfiK4Fb2VdhqAqzX3U6A5sqM0MA8GvqHLkmqbuRU3bumv7D/4+I4fw==",
      "requires": {
        "vega-dataflow": "^5.4.0",
        "vega-event-selector": "^2.0.1",
        "vega-expression": "^2.6.2",
        "vega-functions": "^5.4.0",
        "vega-scale": "^4.1.3",
        "vega-util": "^1.12.0"
      }
    },
    "vega-projection": {
      "version": "1.3.0",
      "resolved": "https://registry.npmjs.org/vega-projection/-/vega-projection-1.3.0.tgz",
      "integrity": "sha512-BFOc/XSVVW96WIAAyiUcppCeegniibiKGX0OLbGpQ5WIbeDHsbCXqnkeBpD5wsjvPXaiQRHTZ0PZ8VvCoCQV+g==",
      "requires": {
        "d3-geo": "^1.11.6"
      }
    },
    "vega-regression": {
      "version": "1.0.1",
      "resolved": "https://registry.npmjs.org/vega-regression/-/vega-regression-1.0.1.tgz",
      "integrity": "sha512-eeQnLccWHAs2rovu2x3G50reF3Die9QoUGy/dMAO6sbDDA7B5s5qW3uq1NNnG93l3Ch84lO71qytxDBTdaQThA==",
      "requires": {
        "d3-array": "^2.3.1",
        "vega-dataflow": "^5.2.1",
        "vega-statistics": "^1.4.0",
        "vega-util": "^1.11.0"
      }
    },
    "vega-runtime": {
      "version": "5.0.2",
      "resolved": "https://registry.npmjs.org/vega-runtime/-/vega-runtime-5.0.2.tgz",
      "integrity": "sha512-Cuv+RY6kprH+vtNERg6xP4dgcdYGD2ZnxPxJNEtGi7dmtQQTBa1s7jQ0VDXTolsO6lKJ3B7np2GzKJYwevgj1A==",
      "requires": {
        "vega-dataflow": "^5.1.1",
        "vega-util": "^1.11.0"
      }
    },
    "vega-scale": {
      "version": "4.1.3",
      "resolved": "https://registry.npmjs.org/vega-scale/-/vega-scale-4.1.3.tgz",
      "integrity": "sha512-hpLrEFntN18e+eRAxa8b8malSbNVQyziKmUMGI1Za8ZB64cYj+A/G87ePE0ExSymfrvc/Xulh4VQZNxkPJll4w==",
      "requires": {
        "d3-array": "^2.3.2",
        "d3-interpolate": "^1.3.2",
        "d3-scale": "^3.1.0",
        "d3-time": "^1.1.0",
        "vega-util": "^1.11.0"
      }
    },
    "vega-scenegraph": {
      "version": "4.3.1",
      "resolved": "https://registry.npmjs.org/vega-scenegraph/-/vega-scenegraph-4.3.1.tgz",
      "integrity": "sha512-+hzfFFvvZKgGg7L7+RlRMY/II35/Ty8lw7CiEXRyKA2jxsp3eIWuppiaPgB0IQeVooJh6z4UNcKbNq3SUAvgDA==",
      "requires": {
        "d3-path": "^1.0.8",
        "d3-shape": "^1.3.5",
        "vega-canvas": "^1.2.1",
        "vega-loader": "^4.1.2",
        "vega-util": "^1.11.2"
      }
    },
    "vega-selections": {
      "version": "5.0.1",
      "resolved": "https://registry.npmjs.org/vega-selections/-/vega-selections-5.0.1.tgz",
      "integrity": "sha512-cSqsH8Jg2QirQVLRfXfK0Odz+LOMo8iDtL9NANkv6/JehbqXAof0TfhgLu5gmCgzL3z+FUmzj2C4PizQGgkTtw==",
      "requires": {
        "vega-expression": "^2.6.1",
        "vega-util": "^1.11.0"
      }
    },
    "vega-statistics": {
      "version": "1.6.0",
      "resolved": "https://registry.npmjs.org/vega-statistics/-/vega-statistics-1.6.0.tgz",
      "integrity": "sha512-8ECaQ9/q8gnMpDLxYEDLCFxqoUmsW1AV1Qho5Iiryq41CoYhSVmg3DzelZRLutmnE8LYsIW6ysQdZw4tOMbhRQ==",
      "requires": {
        "d3-array": "^2.3.1"
      }
    },
    "vega-transforms": {
      "version": "4.4.2",
      "resolved": "https://registry.npmjs.org/vega-transforms/-/vega-transforms-4.4.2.tgz",
      "integrity": "sha512-LliiEnGQjQgFQ/IaHe0gtSvyo0N/RvMjEK2DilE5goamFQP71ud9EPTgyi5ZmT++TaNKS//jQ9grCFXnc/PsEA==",
      "requires": {
        "d3-array": "^2.3.2",
        "vega-dataflow": "^5.4.1",
        "vega-statistics": "^1.6.0",
        "vega-util": "^1.11.2"
      }
    },
    "vega-typings": {
      "version": "0.10.2",
      "resolved": "https://registry.npmjs.org/vega-typings/-/vega-typings-0.10.2.tgz",
      "integrity": "sha512-W/V6oyoBizlXt0FJnuY5/Y46/dsmfcPTxRaUCtFBf0nyoWBsmO66EYj24xCHJ6pgfHEEbBRLPfrfrvlKiRPaMQ==",
      "requires": {
        "vega-util": "^1.11.0"
      }
    },
    "vega-util": {
      "version": "1.12.0",
      "resolved": "https://registry.npmjs.org/vega-util/-/vega-util-1.12.0.tgz",
      "integrity": "sha512-eN1PAQVDyEOcwild2Fk1gbkzkqgDHNujG2/akYRtBzkhtz2EttrVIDwBkWqV/Q+VvEINEksb7TI3Wv7qVQFR5g=="
    },
    "vega-view": {
      "version": "5.3.1",
      "resolved": "https://registry.npmjs.org/vega-view/-/vega-view-5.3.1.tgz",
      "integrity": "sha512-pKbpmR1uz9YOsqocx6KWEHD1EwwpOVIfRH6h8g5xQLiUQP37bohfKZ2vL05MQCupXN2dNYdp51iyETbMJMj7nQ==",
      "requires": {
        "d3-array": "^2.3.1",
        "d3-timer": "^1.0.9",
        "vega-dataflow": "^5.2.1",
        "vega-functions": "^5.3.1",
        "vega-runtime": "^5.0.1",
        "vega-scenegraph": "^4.2.0",
        "vega-util": "^1.11.0"
      }
    },
    "vega-view-transforms": {
      "version": "4.4.1",
      "resolved": "https://registry.npmjs.org/vega-view-transforms/-/vega-view-transforms-4.4.1.tgz",
      "integrity": "sha512-BgjGsHDLHGTN2FgVRcepuvAcKnMUUtXZVemmJHPrY4LI5iJiCS9+HkZPVcVWD1+vheSNXMmZV7Skn7qn7zAcRg==",
      "requires": {
        "vega-dataflow": "^5.1.1",
        "vega-scenegraph": "^4.3.0",
        "vega-util": "^1.11.2"
      }
    },
    "vega-voronoi": {
      "version": "4.1.1",
      "resolved": "https://registry.npmjs.org/vega-voronoi/-/vega-voronoi-4.1.1.tgz",
      "integrity": "sha512-agLmr+UGxJs5KB9D8GeZqxgeWWGoER/eVHPcFFPgVuoNBsrqf2bdoltmIkRnpiRsQnGCibGixhFEDCc9GGNAww==",
      "requires": {
        "d3-delaunay": "^5.1.3",
        "vega-dataflow": "^5.1.1",
        "vega-util": "^1.11.0"
      }
    },
    "vega-wordcloud": {
      "version": "4.0.2",
      "resolved": "https://registry.npmjs.org/vega-wordcloud/-/vega-wordcloud-4.0.2.tgz",
      "integrity": "sha512-nV9bRKjRGcmcQV5wXvOvWes4T5937t3RF+Rm1d03YVAzZpOcVKk9uBuVSeFYBLX2XcDBVe4HK54qDoOTFftHMw==",
      "requires": {
        "vega-canvas": "^1.2.0",
        "vega-dataflow": "^5.1.1",
        "vega-scale": "^4.0.0",
        "vega-statistics": "^1.2.5",
        "vega-util": "^1.8.0"
      }
    }
  }
}
